
Microsoft Visual Studio Solution File, Format Version 12.00
# Visual Studio Version 17
VisualStudioVersion = 17.14.36301.6 d17.14
MinimumVisualStudioVersion = 10.0.40219.1
Project("{FAE04EC0-301F-11D3-BF4B-00C04F79EFBC}") = "TiTeamsWebhook", "TiTeamsWebhook.csproj", "{29C699E2-CAB7-A5FC-AA87-79E9F6989BDE}"
EndProject
Global
	GlobalSection(SolutionConfigurationPlatforms) = preSolution
		Debug|Any CPU = Debug|Any CPU
		Release|Any CPU = Release|Any CPU
	EndGlobalSection
	GlobalSection(ProjectConfigurationPlatforms) = postSolution
		{29C699E2-CAB7-A5FC-AA87-79E9F6989BDE}.Debug|Any CPU.ActiveCfg = Debug|Any CPU
		{29C699E2-CAB7-A5FC-AA87-79E9F6989BDE}.Debug|Any CPU.Build.0 = Debug|Any CPU
		{29C699E2-CAB7-A5FC-AA87-79E9F6989BDE}.Release|Any CPU.ActiveCfg = Release|Any CPU
		{29C699E2-CAB7-A5FC-AA87-79E9F6989BDE}.Release|Any CPU.Build.0 = Release|Any CPU
	EndGlobalSection
	GlobalSection(SolutionProperties) = preSolution
		HideSolutionNode = FALSE
	EndGlobalSection
	GlobalSection(ExtensibilityGlobals) = postSolution
		SolutionGuid = {52AD67EE-3330-49C3-813B-C8F7EA6C164A}
	EndGlobalSection
EndGlobal
